
Microsoft Visual Studio Solution File, Format Version 12.00
# Visual Studio 15
VisualStudioVersion = 15.0.28010.2041
MinimumVisualStudioVersion = 10.0.40219.1
Project("{9A19103F-16F7-4668-BE54-9A1E7A4F7556}") = "Notes", "Notes\Notes.csproj", "{18306E53-2602-4185-A0C5-3131FF7F7385}"
EndProject
Project("{FAE04EC0-301F-11D3-BF4B-00C04F79EFBC}") = "Notes.Tests", "Notes.Tests\Notes.Tests.csproj", "{27C910F7-641A-43B8-B9D4-9982BB9FCD9A}"
EndProject
Global
	GlobalSection(SolutionConfigurationPlatforms) = preSolution
		Debug|Any CPU = Debug|Any CPU
		Release|Any CPU = Release|Any CPU
	EndGlobalSection
	GlobalSection(ProjectConfigurationPlatforms) = postSolution
		{18306E53-2602-4185-A0C5-3131FF7F7385}.Debug|Any CPU.ActiveCfg = Debug|Any CPU
		{18306E53-2602-4185-A0C5-3131FF7F7385}.Debug|Any CPU.Build.0 = Debug|Any CPU
		{18306E53-2602-4185-A0C5-3131FF7F7385}.Release|Any CPU.ActiveCfg = Release|Any CPU
		{18306E53-2602-4185-A0C5-3131FF7F7385}.Release|Any CPU.Build.0 = Release|Any CPU
		{27C910F7-641A-43B8-B9D4-9982BB9FCD9A}.Debug|Any CPU.ActiveCfg = Debug|Any CPU
		{27C910F7-641A-43B8-B9D4-9982BB9FCD9A}.Debug|Any CPU.Build.0 = Debug|Any CPU
		{27C910F7-641A-43B8-B9D4-9982BB9FCD9A}.Release|Any CPU.ActiveCfg = Release|Any CPU
		{27C910F7-641A-43B8-B9D4-9982BB9FCD9A}.Release|Any CPU.Build.0 = Release|Any CPU
	EndGlobalSection
	GlobalSection(SolutionProperties) = preSolution
		HideSolutionNode = FALSE
	EndGlobalSection
	GlobalSection(ExtensibilityGlobals) = postSolution
		SolutionGuid = {AA4170D2-9A1B-4EA0-B1CC-4F9D3030E484}
	EndGlobalSection
EndGlobal
